
Microsoft Visual Studio Solution File, Format Version 12.00
# Visual Studio 15
VisualStudioVersion = 15.0.26403.7
MinimumVisualStudioVersion = 10.0.40219.1
Project("{FAE04EC0-301F-11D3-BF4B-00C04F79EFBC}") = "Chess", "Chess\Chess.csproj", "{FBCE59A9-6F3B-49A9-BD4B-B5232D2C2F95}"
EndProject
Project("{FAE04EC0-301F-11D3-BF4B-00C04F79EFBC}") = "2048", "..\2048\2048\2048.csproj", "{9793BC32-0491-46D3-B22F-08DA875325DC}"
EndProject
Global
	GlobalSection(SolutionConfigurationPlatforms) = preSolution
		Debug|Any CPU = Debug|Any CPU
		Release|Any CPU = Release|Any CPU
	EndGlobalSection
	GlobalSection(ProjectConfigurationPlatforms) = postSolution
		{FBCE59A9-6F3B-49A9-BD4B-B5232D2C2F95}.Debug|Any CPU.ActiveCfg = Debug|Any CPU
		{FBCE59A9-6F3B-49A9-BD4B-B5232D2C2F95}.Debug|Any CPU.Build.0 = Debug|Any CPU
		{FBCE59A9-6F3B-49A9-BD4B-B5232D2C2F95}.Release|Any CPU.ActiveCfg = Release|Any CPU
		{FBCE59A9-6F3B-49A9-BD4B-B5232D2C2F95}.Release|Any CPU.Build.0 = Release|Any CPU
		{9793BC32-0491-46D3-B22F-08DA875325DC}.Debug|Any CPU.ActiveCfg = Debug|Any CPU
		{9793BC32-0491-46D3-B22F-08DA875325DC}.Debug|Any CPU.Build.0 = Debug|Any CPU
		{9793BC32-0491-46D3-B22F-08DA875325DC}.Release|Any CPU.ActiveCfg = Release|Any CPU
		{9793BC32-0491-46D3-B22F-08DA875325DC}.Release|Any CPU.Build.0 = Release|Any CPU
	EndGlobalSection
	GlobalSection(SolutionProperties) = preSolution
		HideSolutionNode = FALSE
	EndGlobalSection
	GlobalSection(ExtensibilityGlobals) = postSolution
		SolutionGuid = {F5AA9D82-0CD5-491B-8B6E-8E982966A918}
	EndGlobalSection
EndGlobal
